{
  "requires": true,
  "lockfileVersion": 1,
  "dependencies": {
    "luisgen": {
      "version": "2.2.0",
      "resolved": "https://registry.npmjs.org/luisgen/-/luisgen-2.2.0.tgz",
      "integrity": "sha512-37mpM8FIsdf0HjXnwV20/S+XAXWhTswL5wQ3DL1DzFx/S36RqCchiHsHVCqn5bfNmULuqyTT2VGteM4yg+gauQ=="
    }
  }
}
